
Microsoft Visual Studio Solution File, Format Version 12.00
# Visual Studio Version 17
VisualStudioVersion = 17.14.36408.4 d17.14
MinimumVisualStudioVersion = 10.0.40219.1
Project("{FAE04EC0-301F-11D3-BF4B-00C04F79EFBC}") = "Hospital", "Hospital\Hospital.csproj", "{723253B1-B22B-4946-AA29-F2E27870E122}"
EndProject
Global
	GlobalSection(SolutionConfigurationPlatforms) = preSolution
		Debug|Any CPU = Debug|Any CPU
		Release|Any CPU = Release|Any CPU
	EndGlobalSection
	GlobalSection(ProjectConfigurationPlatforms) = postSolution
		{723253B1-B22B-4946-AA29-F2E27870E122}.Debug|Any CPU.ActiveCfg = Debug|Any CPU
		{723253B1-B22B-4946-AA29-F2E27870E122}.Debug|Any CPU.Build.0 = Debug|Any CPU
		{723253B1-B22B-4946-AA29-F2E27870E122}.Release|Any CPU.ActiveCfg = Release|Any CPU
		{723253B1-B22B-4946-AA29-F2E27870E122}.Release|Any CPU.Build.0 = Release|Any CPU
	EndGlobalSection
	GlobalSection(SolutionProperties) = preSolution
		HideSolutionNode = FALSE
	EndGlobalSection
	GlobalSection(ExtensibilityGlobals) = postSolution
		SolutionGuid = {99792329-D192-4CBE-8D18-9FC47A3D56F7}
	EndGlobalSection
EndGlobal
